// !$*UTF8*$!
{
	archiveVersion = 1;
	classes = {
	};
	objectVersion = 46;
	objects = {

/* Begin PBXBuildFile section */
		D30890041ED779A900C41852 /* AppDelegate.swift in Sources */ = {isa = PBXBuildFile; fileRef = D30890031ED779A900C41852 /* AppDelegate.swift */; };
		D308900B1ED779A900C41852 /* Assets.xcassets in Resources */ = {isa = PBXBuildFile; fileRef = D308900A1ED779A900C41852 /* Assets.xcassets */; };
		D308900E1ED779A900C41852 /* LaunchScreen.storyboard in Resources */ = {isa = PBXBuildFile; fileRef = D308900C1ED779A900C41852 /* LaunchScreen.storyboard */; };
		D308901B1ED77A1600C41852 /* LaunchScreen.storyboard in Resources */ = {isa = PBXBuildFile; fileRef = D308900C1ED779A900C41852 /* LaunchScreen.storyboard */; };
		D308901C1ED77A1600C41852 /* Assets.xcassets in Resources */ = {isa = PBXBuildFile; fileRef = D308900A1ED779A900C41852 /* Assets.xcassets */; };
		D30890291ED77A4800C41852 /* NibbyOnboardEmail.swift in Sources */ = {isa = PBXBuildFile; fileRef = D30890241ED77A4800C41852 /* NibbyOnboardEmail.swift */; };
		D308902A1ED77A4800C41852 /* NoNibOnboardEmail.swift in Sources */ = {isa = PBXBuildFile; fileRef = D30890251ED77A4800C41852 /* NoNibOnboardEmail.swift */; };
		D308902C1ED77A4800C41852 /* OnboardEmail+Extensions.swift in Sources */ = {isa = PBXBuildFile; fileRef = D30890261ED77A4800C41852 /* OnboardEmail+Extensions.swift */; };
		D308902D1ED77A4800C41852 /* OnboardEmail+Extensions.swift in Sources */ = {isa = PBXBuildFile; fileRef = D30890261ED77A4800C41852 /* OnboardEmail+Extensions.swift */; };
		D308902F1ED77A4800C41852 /* OnboardEmail.xib in Resources */ = {isa = PBXBuildFile; fileRef = D30890271ED77A4800C41852 /* OnboardEmail.xib */; };
		D30890311ED77A6C00C41852 /* CardioVisual-Onboard.png in Resources */ = {isa = PBXBuildFile; fileRef = D30890301ED77A6C00C41852 /* CardioVisual-Onboard.png */; };
		D30890321ED77A6C00C41852 /* CardioVisual-Onboard.png in Resources */ = {isa = PBXBuildFile; fileRef = D30890301ED77A6C00C41852 /* CardioVisual-Onboard.png */; };
		D308903A1ED77B6100C41852 /* Anchorage.swift in Sources */ = {isa = PBXBuildFile; fileRef = D30890351ED77B6100C41852 /* Anchorage.swift */; };
		D308903B1ED77B6100C41852 /* AnchorGroupProvider.swift in Sources */ = {isa = PBXBuildFile; fileRef = D30890361ED77B6100C41852 /* AnchorGroupProvider.swift */; };
		D308903C1ED77B6100C41852 /* Compatability.swift in Sources */ = {isa = PBXBuildFile; fileRef = D30890371ED77B6100C41852 /* Compatability.swift */; };
		D308903D1ED77B6100C41852 /* Internal.swift in Sources */ = {isa = PBXBuildFile; fileRef = D30890381ED77B6100C41852 /* Internal.swift */; };
		D308903E1ED77B6100C41852 /* Priority.swift in Sources */ = {isa = PBXBuildFile; fileRef = D30890391ED77B6100C41852 /* Priority.swift */; };
		D30890401ED77BA600C41852 /* Controls.swift in Sources */ = {isa = PBXBuildFile; fileRef = D308903F1ED77BA600C41852 /* Controls.swift */; };
		D30890431ED77D8C00C41852 /* AppDelegate.swift in Sources */ = {isa = PBXBuildFile; fileRef = D30890031ED779A900C41852 /* AppDelegate.swift */; };
/* End PBXBuildFile section */

/* Begin PBXFileReference section */
		D30890001ED779A900C41852 /* NoNibScrollViewTest.app */ = {isa = PBXFileReference; explicitFileType = wrapper.application; includeInIndex = 0; path = NoNibScrollViewTest.app; sourceTree = BUILT_PRODUCTS_DIR; };
		D30890031ED779A900C41852 /* AppDelegate.swift */ = {isa = PBXFileReference; lastKnownFileType = sourcecode.swift; path = AppDelegate.swift; sourceTree = "<group>"; };
		D308900A1ED779A900C41852 /* Assets.xcassets */ = {isa = PBXFileReference; lastKnownFileType = folder.assetcatalog; path = Assets.xcassets; sourceTree = "<group>"; };
		D308900D1ED779A900C41852 /* Base */ = {isa = PBXFileReference; lastKnownFileType = file.storyboard; name = Base; path = Base.lproj/LaunchScreen.storyboard; sourceTree = "<group>"; };
		D308900F1ED779A900C41852 /* Info.plist */ = {isa = PBXFileReference; lastKnownFileType = text.plist.xml; path = Info.plist; sourceTree = "<group>"; };
		D30890201ED77A1600C41852 /* NibbyScrollViewTest.app */ = {isa = PBXFileReference; explicitFileType = wrapper.application; includeInIndex = 0; path = NibbyScrollViewTest.app; sourceTree = BUILT_PRODUCTS_DIR; };
		D30890241ED77A4800C41852 /* NibbyOnboardEmail.swift */ = {isa = PBXFileReference; fileEncoding = 4; lastKnownFileType = sourcecode.swift; path = NibbyOnboardEmail.swift; sourceTree = "<group>"; };
		D30890251ED77A4800C41852 /* NoNibOnboardEmail.swift */ = {isa = PBXFileReference; fileEncoding = 4; lastKnownFileType = sourcecode.swift; path = NoNibOnboardEmail.swift; sourceTree = "<group>"; };
		D30890261ED77A4800C41852 /* OnboardEmail+Extensions.swift */ = {isa = PBXFileReference; fileEncoding = 4; lastKnownFileType = sourcecode.swift; path = "OnboardEmail+Extensions.swift"; sourceTree = "<group>"; };
		D30890271ED77A4800C41852 /* OnboardEmail.xib */ = {isa = PBXFileReference; fileEncoding = 4; lastKnownFileType = file.xib; path = OnboardEmail.xib; sourceTree = "<group>"; };
		D30890301ED77A6C00C41852 /* CardioVisual-Onboard.png */ = {isa = PBXFileReference; lastKnownFileType = image.png; path = "CardioVisual-Onboard.png"; sourceTree = "<group>"; };
		D30890351ED77B6100C41852 /* Anchorage.swift */ = {isa = PBXFileReference; fileEncoding = 4; lastKnownFileType = sourcecode.swift; path = Anchorage.swift; sourceTree = "<group>"; };
		D30890361ED77B6100C41852 /* AnchorGroupProvider.swift */ = {isa = PBXFileReference; fileEncoding = 4; lastKnownFileType = sourcecode.swift; path = AnchorGroupProvider.swift; sourceTree = "<group>"; };
		D30890371ED77B6100C41852 /* Compatability.swift */ = {isa = PBXFileReference; fileEncoding = 4; lastKnownFileType = sourcecode.swift; path = Compatability.swift; sourceTree = "<group>"; };
		D30890381ED77B6100C41852 /* Internal.swift */ = {isa = PBXFileReference; fileEncoding = 4; lastKnownFileType = sourcecode.swift; path = Internal.swift; sourceTree = "<group>"; };
		D30890391ED77B6100C41852 /* Priority.swift */ = {isa = PBXFileReference; fileEncoding = 4; lastKnownFileType = sourcecode.swift; path = Priority.swift; sourceTree = "<group>"; };
		D308903F1ED77BA600C41852 /* Controls.swift */ = {isa = PBXFileReference; fileEncoding = 4; lastKnownFileType = sourcecode.swift; path = Controls.swift; sourceTree = "<group>"; };
/* End PBXFileReference section */

/* Begin PBXFrameworksBuildPhase section */
		D3088FFD1ED779A900C41852 /* Frameworks */ = {
			isa = PBXFrameworksBuildPhase;
			buildActionMask = 2147483647;
			files = (
			);
			runOnlyForDeploymentPostprocessing = 0;
		};
		D30890191ED77A1600C41852 /* Frameworks */ = {
			isa = PBXFrameworksBuildPhase;
			buildActionMask = 2147483647;
			files = (
			);
			runOnlyForDeploymentPostprocessing = 0;
		};
/* End PBXFrameworksBuildPhase section */

/* Begin PBXGroup section */
		D3088FF71ED779A900C41852 = {
			isa = PBXGroup;
			children = (
				D30890021ED779A900C41852 /* ScrollViewTest */,
				D30890011ED779A900C41852 /* Products */,
			);
			sourceTree = "<group>";
		};
		D30890011ED779A900C41852 /* Products */ = {
			isa = PBXGroup;
			children = (
				D30890001ED779A900C41852 /* NoNibScrollViewTest.app */,
				D30890201ED77A1600C41852 /* NibbyScrollViewTest.app */,
			);
			name = Products;
			sourceTree = "<group>";
		};
		D30890021ED779A900C41852 /* ScrollViewTest */ = {
			isa = PBXGroup;
			children = (
				D30890341ED77B6100C41852 /* ThirdParty */,
				D30890031ED779A900C41852 /* AppDelegate.swift */,
				D308903F1ED77BA600C41852 /* Controls.swift */,
				D30890261ED77A4800C41852 /* OnboardEmail+Extensions.swift */,
				D30890421ED77CF300C41852 /* NoNib */,
				D30890411ED77CEB00C41852 /* Nibby */,
				D308900A1ED779A900C41852 /* Assets.xcassets */,
				D30890301ED77A6C00C41852 /* CardioVisual-Onboard.png */,
				D308900C1ED779A900C41852 /* LaunchScreen.storyboard */,
				D308900F1ED779A900C41852 /* Info.plist */,
			);
			path = ScrollViewTest;
			sourceTree = "<group>";
		};
		D30890341ED77B6100C41852 /* ThirdParty */ = {
			isa = PBXGroup;
			children = (
				D30890351ED77B6100C41852 /* Anchorage.swift */,
				D30890361ED77B6100C41852 /* AnchorGroupProvider.swift */,
				D30890371ED77B6100C41852 /* Compatability.swift */,
				D30890381ED77B6100C41852 /* Internal.swift */,
				D30890391ED77B6100C41852 /* Priority.swift */,
			);
			path = ThirdParty;
			sourceTree = "<group>";
		};
		D30890411ED77CEB00C41852 /* Nibby */ = {
			isa = PBXGroup;
			children = (
				D30890241ED77A4800C41852 /* NibbyOnboardEmail.swift */,
				D30890271ED77A4800C41852 /* OnboardEmail.xib */,
			);
			name = Nibby;
			sourceTree = "<group>";
		};
		D30890421ED77CF300C41852 /* NoNib */ = {
			isa = PBXGroup;
			children = (
				D30890251ED77A4800C41852 /* NoNibOnboardEmail.swift */,
			);
			name = NoNib;
			sourceTree = "<group>";
		};
/* End PBXGroup section */

/* Begin PBXNativeTarget section */
		D3088FFF1ED779A900C41852 /* NoNibScrollViewTest */ = {
			isa = PBXNativeTarget;
			buildConfigurationList = D30890121ED779A900C41852 /* Build configuration list for PBXNativeTarget "NoNibScrollViewTest" */;
			buildPhases = (
				D3088FFC1ED779A900C41852 /* Sources */,
				D3088FFD1ED779A900C41852 /* Frameworks */,
				D3088FFE1ED779A900C41852 /* Resources */,
			);
			buildRules = (
			);
			dependencies = (
			);
			name = NoNibScrollViewTest;
			productName = ScrollViewTest;
			productReference = D30890001ED779A900C41852 /* NoNibScrollViewTest.app */;
			productType = "com.apple.product-type.application";
		};
		D30890151ED77A1600C41852 /* NibbyScrollViewTest */ = {
			isa = PBXNativeTarget;
			buildConfigurationList = D308901D1ED77A1600C41852 /* Build configuration list for PBXNativeTarget "NibbyScrollViewTest" */;
			buildPhases = (
				D30890161ED77A1600C41852 /* Sources */,
				D30890191ED77A1600C41852 /* Frameworks */,
				D308901A1ED77A1600C41852 /* Resources */,
			);
			buildRules = (
			);
			dependencies = (
			);
			name = NibbyScrollViewTest;
			productName = ScrollViewTest;
			productReference = D30890201ED77A1600C41852 /* NibbyScrollViewTest.app */;
			productType = "com.apple.product-type.application";
		};
/* End PBXNativeTarget section */

/* Begin PBXProject section */
		D3088FF81ED779A900C41852 /* Project object */ = {
			isa = PBXProject;
			attributes = {
				LastSwiftUpdateCheck = 0830;
				LastUpgradeCheck = 0830;
				ORGANIZATIONNAME = "ILIOS Inc.";
				TargetAttributes = {
					D3088FFF1ED779A900C41852 = {
						CreatedOnToolsVersion = 8.3.2;
						DevelopmentTeam = 2WW9KC8P4G;
						ProvisioningStyle = Automatic;
					};
					D30890151ED77A1600C41852 = {
						DevelopmentTeam = 2WW9KC8P4G;
					};
				};
			};
			buildConfigurationList = D3088FFB1ED779A900C41852 /* Build configuration list for PBXProject "ScrollViewTest" */;
			compatibilityVersion = "Xcode 3.2";
			developmentRegion = English;
			hasScannedForEncodings = 0;
			knownRegions = (
				en,
				Base,
			);
			mainGroup = D3088FF71ED779A900C41852;
			productRefGroup = D30890011ED779A900C41852 /* Products */;
			projectDirPath = "";
			projectRoot = "";
			targets = (
				D3088FFF1ED779A900C41852 /* NoNibScrollViewTest */,
				D30890151ED77A1600C41852 /* NibbyScrollViewTest */,
			);
		};
/* End PBXProject section */

/* Begin PBXResourcesBuildPhase section */
		D3088FFE1ED779A900C41852 /* Resources */ = {
			isa = PBXResourcesBuildPhase;
			buildActionMask = 2147483647;
			files = (
				D308900E1ED779A900C41852 /* LaunchScreen.storyboard in Resources */,
				D308900B1ED779A900C41852 /* Assets.xcassets in Resources */,
				D30890311ED77A6C00C41852 /* CardioVisual-Onboard.png in Resources */,
			);
			runOnlyForDeploymentPostprocessing = 0;
		};
		D308901A1ED77A1600C41852 /* Resources */ = {
			isa = PBXResourcesBuildPhase;
			buildActionMask = 2147483647;
			files = (
				D308902F1ED77A4800C41852 /* OnboardEmail.xib in Resources */,
				D308901B1ED77A1600C41852 /* LaunchScreen.storyboard in Resources */,
				D308901C1ED77A1600C41852 /* Assets.xcassets in Resources */,
				D30890321ED77A6C00C41852 /* CardioVisual-Onboard.png in Resources */,
			);
			runOnlyForDeploymentPostprocessing = 0;
		};
/* End PBXResourcesBuildPhase section */

/* Begin PBXSourcesBuildPhase section */
		D3088FFC1ED779A900C41852 /* Sources */ = {
			isa = PBXSourcesBuildPhase;
			buildActionMask = 2147483647;
			files = (
				D308902C1ED77A4800C41852 /* OnboardEmail+Extensions.swift in Sources */,
				D30890041ED779A900C41852 /* AppDelegate.swift in Sources */,
				D308903C1ED77B6100C41852 /* Compatability.swift in Sources */,
				D308903E1ED77B6100C41852 /* Priority.swift in Sources */,
				D30890401ED77BA600C41852 /* Controls.swift in Sources */,
				D308903A1ED77B6100C41852 /* Anchorage.swift in Sources */,
				D308903D1ED77B6100C41852 /* Internal.swift in Sources */,
				D308903B1ED77B6100C41852 /* AnchorGroupProvider.swift in Sources */,
				D308902A1ED77A4800C41852 /* NoNibOnboardEmail.swift in Sources */,
			);
			runOnlyForDeploymentPostprocessing = 0;
		};
		D30890161ED77A1600C41852 /* Sources */ = {
			isa = PBXSourcesBuildPhase;
			buildActionMask = 2147483647;
			files = (
				D308902D1ED77A4800C41852 /* OnboardEmail+Extensions.swift in Sources */,
				D30890431ED77D8C00C41852 /* AppDelegate.swift in Sources */,
				D30890291ED77A4800C41852 /* NibbyOnboardEmail.swift in Sources */,
			);
			runOnlyForDeploymentPostprocessing = 0;
		};
/* End PBXSourcesBuildPhase section */

/* Begin PBXVariantGroup section */
		D308900C1ED779A900C41852 /* LaunchScreen.storyboard */ = {
			isa = PBXVariantGroup;
			children = (
				D308900D1ED779A900C41852 /* Base */,
			);
			name = LaunchScreen.storyboard;
			sourceTree = "<group>";
		};
/* End PBXVariantGroup section */

/* Begin XCBuildConfiguration section */
		D30890101ED779A900C41852 /* Debug */ = {
			isa = XCBuildConfiguration;
			buildSettings = {
				ALWAYS_SEARCH_USER_PATHS = NO;
				CLANG_ANALYZER_NONNULL = YES;
				CLANG_ANALYZER_NUMBER_OBJECT_CONVERSION = YES_AGGRESSIVE;
				CLANG_CXX_LANGUAGE_STANDARD = "gnu++0x";
				CLANG_CXX_LIBRARY = "libc++";
				CLANG_ENABLE_MODULES = YES;
				CLANG_ENABLE_OBJC_ARC = YES;
				CLANG_WARN_BOOL_CONVERSION = YES;
				CLANG_WARN_CONSTANT_CONVERSION = YES;
				CLANG_WARN_DIRECT_OBJC_ISA_USAGE = YES_ERROR;
				CLANG_WARN_DOCUMENTATION_COMMENTS = YES;
				CLANG_WARN_EMPTY_BODY = YES;
				CLANG_WARN_ENUM_CONVERSION = YES;
				CLANG_WARN_INFINITE_RECURSION = YES;
				CLANG_WARN_INT_CONVERSION = YES;
				CLANG_WARN_OBJC_ROOT_CLASS = YES_ERROR;
				CLANG_WARN_SUSPICIOUS_MOVE = YES;
				CLANG_WARN_UNREACHABLE_CODE = YES;
				CLANG_WARN__DUPLICATE_METHOD_MATCH = YES;
				"CODE_SIGN_IDENTITY[sdk=iphoneos*]" = "iPhone Developer";
				COPY_PHASE_STRIP = NO;
				DEBUG_INFORMATION_FORMAT = dwarf;
				ENABLE_STRICT_OBJC_MSGSEND = YES;
				ENABLE_TESTABILITY = YES;
				GCC_C_LANGUAGE_STANDARD = gnu99;
				GCC_DYNAMIC_NO_PIC = NO;
				GCC_NO_COMMON_BLOCKS = YES;
				GCC_OPTIMIZATION_LEVEL = 0;
				GCC_PREPROCESSOR_DEFINITIONS = (
					"DEBUG=1",
					"$(inherited)",
				);
				GCC_WARN_64_TO_32_BIT_CONVERSION = YES;
				GCC_WARN_ABOUT_RETURN_TYPE = YES_ERROR;
				GCC_WARN_UNDECLARED_SELECTOR = YES;
				GCC_WARN_UNINITIALIZED_AUTOS = YES_AGGRESSIVE;
				GCC_WARN_UNUSED_FUNCTION = YES;
				GCC_WARN_UNUSED_VARIABLE = YES;
				IPHONEOS_DEPLOYMENT_TARGET = 10.3;
				MTL_ENABLE_DEBUG_INFO = YES;
				ONLY_ACTIVE_ARCH = YES;
				SDKROOT = iphoneos;
				SWIFT_ACTIVE_COMPILATION_CONDITIONS = DEBUG;
				SWIFT_OPTIMIZATION_LEVEL = "-Onone";
				TARGETED_DEVICE_FAMILY = "1,2";
			};
			name = Debug;
		};
		D30890111ED779A900C41852 /* Release */ = {
			isa = XCBuildConfiguration;
			buildSettings = {
				ALWAYS_SEARCH_USER_PATHS = NO;
				CLANG_ANALYZER_NONNULL = YES;
				CLANG_ANALYZER_NUMBER_OBJECT_CONVERSION = YES_AGGRESSIVE;
				CLANG_CXX_LANGUAGE_STANDARD = "gnu++0x";
				CLANG_CXX_LIBRARY = "libc++";
				CLANG_ENABLE_MODULES = YES;
				CLANG_ENABLE_OBJC_ARC = YES;
				CLANG_WARN_BOOL_CONVERSION = YES;
				CLANG_WARN_CONSTANT_CONVERSION = YES;
				CLANG_WARN_DIRECT_OBJC_ISA_USAGE = YES_ERROR;
				CLANG_WARN_DOCUMENTATION_COMMENTS = YES;
				CLANG_WARN_EMPTY_BODY = YES;
				CLANG_WARN_ENUM_CONVERSION = YES;
				CLANG_WARN_INFINITE_RECURSION = YES;
				CLANG_WARN_INT_CONVERSION = YES;
				CLANG_WARN_OBJC_ROOT_CLASS = YES_ERROR;
				CLANG_WARN_SUSPICIOUS_MOVE = YES;
				CLANG_WARN_UNREACHABLE_CODE = YES;
				CLANG_WARN__DUPLICATE_METHOD_MATCH = YES;
				"CODE_SIGN_IDENTITY[sdk=iphoneos*]" = "iPhone Developer";
				COPY_PHASE_STRIP = NO;
				DEBUG_INFORMATION_FORMAT = "dwarf-with-dsym";
				ENABLE_NS_ASSERTIONS = NO;
				ENABLE_STRICT_OBJC_MSGSEND = YES;
				GCC_C_LANGUAGE_STANDARD = gnu99;
				GCC_NO_COMMON_BLOCKS = YES;
				GCC_WARN_64_TO_32_BIT_CONVERSION = YES;
				GCC_WARN_ABOUT_RETURN_TYPE = YES_ERROR;
				GCC_WARN_UNDECLARED_SELECTOR = YES;
				GCC_WARN_UNINITIALIZED_AUTOS = YES_AGGRESSIVE;
				GCC_WARN_UNUSED_FUNCTION = YES;
				GCC_WARN_UNUSED_VARIABLE = YES;
				IPHONEOS_DEPLOYMENT_TARGET = 10.3;
				MTL_ENABLE_DEBUG_INFO = NO;
				SDKROOT = iphoneos;
				SWIFT_OPTIMIZATION_LEVEL = "-Owholemodule";
				TARGETED_DEVICE_FAMILY = "1,2";
				VALIDATE_PRODUCT = YES;
			};
			name = Release;
		};
		D30890131ED779A900C41852 /* Debug */ = {
			isa = XCBuildConfiguration;
			buildSettings = {
				ASSETCATALOG_COMPILER_APPICON_NAME = AppIcon;
				DEVELOPMENT_TEAM = 2WW9KC8P4G;
				INFOPLIST_FILE = ScrollViewTest/Info.plist;
				LD_RUNPATH_SEARCH_PATHS = "$(inherited) @executable_path/Frameworks";
				PRODUCT_BUNDLE_IDENTIFIER = com.iliosinc.ScrollViewTest;
				PRODUCT_NAME = "$(TARGET_NAME)";
				SWIFT_VERSION = 3.0;
			};
			name = Debug;
		};
		D30890141ED779A900C41852 /* Release */ = {
			isa = XCBuildConfiguration;
			buildSettings = {
				ASSETCATALOG_COMPILER_APPICON_NAME = AppIcon;
				DEVELOPMENT_TEAM = 2WW9KC8P4G;
				INFOPLIST_FILE = ScrollViewTest/Info.plist;
				LD_RUNPATH_SEARCH_PATHS = "$(inherited) @executable_path/Frameworks";
				PRODUCT_BUNDLE_IDENTIFIER = com.iliosinc.ScrollViewTest;
				PRODUCT_NAME = "$(TARGET_NAME)";
				SWIFT_VERSION = 3.0;
			};
			name = Release;
		};
		D308901E1ED77A1600C41852 /* Debug */ = {
			isa = XCBuildConfiguration;
			buildSettings = {
				ASSETCATALOG_COMPILER_APPICON_NAME = AppIcon;
				DEVELOPMENT_TEAM = 2WW9KC8P4G;
				INFOPLIST_FILE = ScrollViewTest/Info.plist;
				LD_RUNPATH_SEARCH_PATHS = "$(inherited) @executable_path/Frameworks";
				PRODUCT_BUNDLE_IDENTIFIER = com.iliosinc.ScrollViewTest;
				PRODUCT_NAME = "$(TARGET_NAME)";
				SWIFT_VERSION = 3.0;
			};
			name = Debug;
		};
		D308901F1ED77A1600C41852 /* Release */ = {
			isa = XCBuildConfiguration;
			buildSettings = {
				ASSETCATALOG_COMPILER_APPICON_NAME = AppIcon;
				DEVELOPMENT_TEAM = 2WW9KC8P4G;
				INFOPLIST_FILE = ScrollViewTest/Info.plist;
				LD_RUNPATH_SEARCH_PATHS = "$(inherited) @executable_path/Frameworks";
				PRODUCT_BUNDLE_IDENTIFIER = com.iliosinc.ScrollViewTest;
				PRODUCT_NAME = "$(TARGET_NAME)";
				SWIFT_VERSION = 3.0;
			};
			name = Release;
		};
/* End XCBuildConfiguration section */

/* Begin XCConfigurationList section */
		D3088FFB1ED779A900C41852 /* Build configuration list for PBXProject "ScrollViewTest" */ = {
			isa = XCConfigurationList;
			buildConfigurations = (
				D30890101ED779A900C41852 /* Debug */,
				D30890111ED779A900C41852 /* Release */,
			);
			defaultConfigurationIsVisible = 0;
			defaultConfigurationName = Release;
		};
		D30890121ED779A900C41852 /* Build configuration list for PBXNativeTarget "NoNibScrollViewTest" */ = {
			isa = XCConfigurationList;
			buildConfigurations = (
				D30890131ED779A900C41852 /* Debug */,
				D30890141ED779A900C41852 /* Release */,
			);
			defaultConfigurationIsVisible = 0;
		};
		D308901D1ED77A1600C41852 /* Build configuration list for PBXNativeTarget "NibbyScrollViewTest" */ = {
			isa = XCConfigurationList;
			buildConfigurations = (
				D308901E1ED77A1600C41852 /* Debug */,
				D308901F1ED77A1600C41852 /* Release */,
			);
			defaultConfigurationIsVisible = 0;
			defaultConfigurationName = Release;
		};
/* End XCConfigurationList section */
	};
	rootObject = D3088FF81ED779A900C41852 /* Project object */;
}
